
Microsoft Visual Studio Solution File, Format Version 12.00
# Visual Studio Version 17
VisualStudioVersion = 17.4.33122.133
MinimumVisualStudioVersion = 10.0.40219.1
Project("{FAE04EC0-301F-11D3-BF4B-00C04F79EFBC}") = "QuizAPI", "QuizAPI\QuizAPI.csproj", "{F15458AA-F119-403B-A263-93F67DEFAAE8}"
EndProject
Global
	GlobalSection(SolutionConfigurationPlatforms) = preSolution
		Debug|Any CPU = Debug|Any CPU
		Release|Any CPU = Release|Any CPU
	EndGlobalSection
	GlobalSection(ProjectConfigurationPlatforms) = postSolution
		{F15458AA-F119-403B-A263-93F67DEFAAE8}.Debug|Any CPU.ActiveCfg = Debug|Any CPU
		{F15458AA-F119-403B-A263-93F67DEFAAE8}.Debug|Any CPU.Build.0 = Debug|Any CPU
		{F15458AA-F119-403B-A263-93F67DEFAAE8}.Release|Any CPU.ActiveCfg = Release|Any CPU
		{F15458AA-F119-403B-A263-93F67DEFAAE8}.Release|Any CPU.Build.0 = Release|Any CPU
	EndGlobalSection
	GlobalSection(SolutionProperties) = preSolution
		HideSolutionNode = FALSE
	EndGlobalSection
	GlobalSection(ExtensibilityGlobals) = postSolution
		SolutionGuid = {9D226D7A-B71F-428D-98F5-87BDA41A65DE}
	EndGlobalSection
EndGlobal
